{
    "_readme": [
        "This file locks the dependencies of your project to a known state",
        "Read more about it at https://getcomposer.org/doc/01-basic-usage.md#installing-dependencies",
        "This file is @generated automatically"
    ],
    "content-hash": "9697c33106697a7623b9bba22e72d586",
    "packages": [
        {
            "name": "deeplcom/deepl-php",
            "version": "v1.3.0",
            "source": {
                "type": "git",
                "url": "https://github.com/DeepLcom/deepl-php.git",
                "reference": "d4de3c697add577b056025cdd634135294c001f4"
            },
            "dist": {
                "type": "zip",
                "url": "https://api.github.com/repos/DeepLcom/deepl-php/zipball/d4de3c697add577b056025cdd634135294c001f4",
                "reference": "d4de3c697add577b056025cdd634135294c001f4",
                "shasum": ""
            },
            "require": {
                "ext-curl": "*",
                "ext-json": "*",
                "ext-mbstring": "*",
                "php": ">=7.3.0",
                "psr/log": "^1.1 || ^2.0 || ^3.0"
            },
            "require-dev": {
                "friendsofphp/php-cs-fixer": "^3",
                "phpunit/phpunit": "^9",
                "ramsey/uuid": "^4.2",
                "squizlabs/php_codesniffer": "^3.3"
            },
            "type": "library",
            "autoload": {
                "psr-4": {
                    "DeepL\\": "src/"
                }
            },
            "notification-url": "https://packagist.org/downloads/",
            "license": [
                "MIT"
            ],
            "authors": [
                {
                    "name": "DeepL SE",
                    "email": "open-source@deepl.com"
                }
            ],
            "description": "Official DeepL API Client Library",
            "keywords": [
                "api",
                "deepl",
                "translation",
                "translator"
            ],
            "support": {
                "issues": "https://github.com/DeepLcom/deepl-php/issues",
                "source": "https://github.com/DeepLcom/deepl-php/tree/v1.3.0"
            },
            "time": "2023-01-26T15:10:14+00:00"
        },
        {
            "name": "psr/log",
            "version": "3.0.0",
            "source": {
                "type": "git",
                "url": "https://github.com/php-fig/log.git",
                "reference": "fe5ea303b0887d5caefd3d431c3e61ad47037001"
            },
            "dist": {
                "type": "zip",
                "url": "https://api.github.com/repos/php-fig/log/zipball/fe5ea303b0887d5caefd3d431c3e61ad47037001",
                "reference": "fe5ea303b0887d5caefd3d431c3e61ad47037001",
                "shasum": ""
            },
            "require": {
                "php": ">=8.0.0"
            },
            "type": "library",
            "extra": {
                "branch-alias": {
                    "dev-master": "3.x-dev"
                }
            },
            "autoload": {
                "psr-4": {
                    "Psr\\Log\\": "src"
                }
            },
            "notification-url": "https://packagist.org/downloads/",
            "license": [
                "MIT"
            ],
            "authors": [
                {
                    "name": "PHP-FIG",
                    "homepage": "https://www.php-fig.org/"
                }
            ],
            "description": "Common interface for logging libraries",
            "homepage": "https://github.com/php-fig/log",
            "keywords": [
                "log",
                "psr",
                "psr-3"
            ],
            "support": {
                "source": "https://github.com/php-fig/log/tree/3.0.0"
            },
            "time": "2021-07-14T16:46:02+00:00"
        }
    ],
    "packages-dev": [],
    "aliases": [],
    "minimum-stability": "stable",
    "stability-flags": [],
    "prefer-stable": false,
    "prefer-lowest": false,
    "platform": [],
    "platform-dev": [],
    "plugin-api-version": "2.3.0"
}
